
Microsoft Visual Studio Solution File, Format Version 12.00
# Visual Studio Version 17
VisualStudioVersion = 17.2.32630.192
MinimumVisualStudioVersion = 10.0.40219.1
Project("{9A19103F-16F7-4668-BE54-9A1E7A4F7556}") = "GFMS", "GFMS\GFMS.csproj", "{68D47D12-F694-49AF-BADB-02E4098EFB72}"
EndProject
Global
	GlobalSection(SolutionConfigurationPlatforms) = preSolution
		Debug|Any CPU = Debug|Any CPU
		Release|Any CPU = Release|Any CPU
	EndGlobalSection
	GlobalSection(ProjectConfigurationPlatforms) = postSolution
		{68D47D12-F694-49AF-BADB-02E4098EFB72}.Debug|Any CPU.ActiveCfg = Debug|Any CPU
		{68D47D12-F694-49AF-BADB-02E4098EFB72}.Debug|Any CPU.Build.0 = Debug|Any CPU
		{68D47D12-F694-49AF-BADB-02E4098EFB72}.Release|Any CPU.ActiveCfg = Release|Any CPU
		{68D47D12-F694-49AF-BADB-02E4098EFB72}.Release|Any CPU.Build.0 = Release|Any CPU
	EndGlobalSection
	GlobalSection(SolutionProperties) = preSolution
		HideSolutionNode = FALSE
	EndGlobalSection
	GlobalSection(ExtensibilityGlobals) = postSolution
		SolutionGuid = {415D6542-59F7-41FC-903D-1A1634CE455F}
	EndGlobalSection
EndGlobal
